// !$*UTF8*$!
{
	archiveVersion = 1;
	classes = {
	};
	objectVersion = 50;
	objects = {

/* Begin PBXBuildFile section */
		BDD011BF26B9B0F20045BBAF /* AppDelegate.swift in Sources */ = {isa = PBXBuildFile; fileRef = BDD011BE26B9B0F20045BBAF /* AppDelegate.swift */; };
		BDD011C126B9B0F20045BBAF /* SceneDelegate.swift in Sources */ = {isa = PBXBuildFile; fileRef = BDD011C026B9B0F20045BBAF /* SceneDelegate.swift */; };
		BDD011C326B9B0F20045BBAF /* ViewController.swift in Sources */ = {isa = PBXBuildFile; fileRef = BDD011C226B9B0F20045BBAF /* ViewController.swift */; };
		BDD011C626B9B0F20045BBAF /* Main.storyboard in Resources */ = {isa = PBXBuildFile; fileRef = BDD011C426B9B0F20045BBAF /* Main.storyboard */; };
		BDD011C926B9B0F20045BBAF /* recycling_app_project.xcdatamodeld in Sources */ = {isa = PBXBuildFile; fileRef = BDD011C726B9B0F20045BBAF /* recycling_app_project.xcdatamodeld */; };
		BDD011CB26B9B0F30045BBAF /* Assets.xcassets in Resources */ = {isa = PBXBuildFile; fileRef = BDD011CA26B9B0F30045BBAF /* Assets.xcassets */; };
		BDD011CE26B9B0F30045BBAF /* LaunchScreen.storyboard in Resources */ = {isa = PBXBuildFile; fileRef = BDD011CC26B9B0F30045BBAF /* LaunchScreen.storyboard */; };
		BDD011D826BC29360045BBAF /* PlasticViewController.swift in Sources */ = {isa = PBXBuildFile; fileRef = BDD011D726BC29360045BBAF /* PlasticViewController.swift */; };
		BDD011DA26BC29490045BBAF /* AluminumViewController.swift in Sources */ = {isa = PBXBuildFile; fileRef = BDD011D926BC29490045BBAF /* AluminumViewController.swift */; };
		BDD011DC26BC295B0045BBAF /* CoffeeViewController.swift in Sources */ = {isa = PBXBuildFile; fileRef = BDD011DB26BC295B0045BBAF /* CoffeeViewController.swift */; };
		BDD011DE26BC29890045BBAF /* RecyclableViewController.swift in Sources */ = {isa = PBXBuildFile; fileRef = BDD011DD26BC29890045BBAF /* RecyclableViewController.swift */; };
		BDD011E026BC43F20045BBAF /* StyrofoamViewController.swift in Sources */ = {isa = PBXBuildFile; fileRef = BDD011DF26BC43F20045BBAF /* StyrofoamViewController.swift */; };
		BDD011E226BC44040045BBAF /* BatteriesViewController.swift in Sources */ = {isa = PBXBuildFile; fileRef = BDD011E126BC44040045BBAF /* BatteriesViewController.swift */; };
		BDD011E426BC44DD0045BBAF /* FoodCansViewController.swift in Sources */ = {isa = PBXBuildFile; fileRef = BDD011E326BC44DD0045BBAF /* FoodCansViewController.swift */; };
		BDD011E626BC44FE0045BBAF /* GlassViewController.swift in Sources */ = {isa = PBXBuildFile; fileRef = BDD011E526BC44FE0045BBAF /* GlassViewController.swift */; };
		BDD011E826BC450D0045BBAF /* InkCartridgesViewController.swift in Sources */ = {isa = PBXBuildFile; fileRef = BDD011E726BC450D0045BBAF /* InkCartridgesViewController.swift */; };
		BDD011EA26BC451E0045BBAF /* PizzaBoxesViewController.swift in Sources */ = {isa = PBXBuildFile; fileRef = BDD011E926BC451E0045BBAF /* PizzaBoxesViewController.swift */; };
		BDD011EC26BC452A0045BBAF /* PlasticBagsViewController.swift in Sources */ = {isa = PBXBuildFile; fileRef = BDD011EB26BC452A0045BBAF /* PlasticBagsViewController.swift */; };
		BDD011EE26BC45360045BBAF /* StrawsViewController.swift in Sources */ = {isa = PBXBuildFile; fileRef = BDD011ED26BC45360045BBAF /* StrawsViewController.swift */; };
		BDD011F026BC45410045BBAF /* SodaCansViewController.swift in Sources */ = {isa = PBXBuildFile; fileRef = BDD011EF26BC45410045BBAF /* SodaCansViewController.swift */; };
		BDD011F226BC53A70045BBAF /* TrendViewController.swift in Sources */ = {isa = PBXBuildFile; fileRef = BDD011F126BC53A70045BBAF /* TrendViewController.swift */; };
		BDD011F426BC64210045BBAF /* recycleCount.swift in Sources */ = {isa = PBXBuildFile; fileRef = BDD011F326BC64210045BBAF /* recycleCount.swift */; };
/* End PBXBuildFile section */

/* Begin PBXFileReference section */
		BDD011BB26B9B0F20045BBAF /* recycling-app-project.app */ = {isa = PBXFileReference; explicitFileType = wrapper.application; includeInIndex = 0; path = "recycling-app-project.app"; sourceTree = BUILT_PRODUCTS_DIR; };
		BDD011BE26B9B0F20045BBAF /* AppDelegate.swift */ = {isa = PBXFileReference; lastKnownFileType = sourcecode.swift; path = AppDelegate.swift; sourceTree = "<group>"; };
		BDD011C026B9B0F20045BBAF /* SceneDelegate.swift */ = {isa = PBXFileReference; lastKnownFileType = sourcecode.swift; path = SceneDelegate.swift; sourceTree = "<group>"; };
		BDD011C226B9B0F20045BBAF /* ViewController.swift */ = {isa = PBXFileReference; lastKnownFileType = sourcecode.swift; path = ViewController.swift; sourceTree = "<group>"; };
		BDD011C526B9B0F20045BBAF /* Base */ = {isa = PBXFileReference; lastKnownFileType = file.storyboard; name = Base; path = Base.lproj/Main.storyboard; sourceTree = "<group>"; };
		BDD011C826B9B0F20045BBAF /* recycling_app_project.xcdatamodel */ = {isa = PBXFileReference; lastKnownFileType = wrapper.xcdatamodel; path = recycling_app_project.xcdatamodel; sourceTree = "<group>"; };
		BDD011CA26B9B0F30045BBAF /* Assets.xcassets */ = {isa = PBXFileReference; lastKnownFileType = folder.assetcatalog; path = Assets.xcassets; sourceTree = "<group>"; };
		BDD011CD26B9B0F30045BBAF /* Base */ = {isa = PBXFileReference; lastKnownFileType = file.storyboard; name = Base; path = Base.lproj/LaunchScreen.storyboard; sourceTree = "<group>"; };
		BDD011CF26B9B0F30045BBAF /* Info.plist */ = {isa = PBXFileReference; lastKnownFileType = text.plist.xml; path = Info.plist; sourceTree = "<group>"; };
		BDD011D726BC29360045BBAF /* PlasticViewController.swift */ = {isa = PBXFileReference; lastKnownFileType = sourcecode.swift; path = PlasticViewController.swift; sourceTree = "<group>"; };
		BDD011D926BC29490045BBAF /* AluminumViewController.swift */ = {isa = PBXFileReference; lastKnownFileType = sourcecode.swift; path = AluminumViewController.swift; sourceTree = "<group>"; };
		BDD011DB26BC295B0045BBAF /* CoffeeViewController.swift */ = {isa = PBXFileReference; lastKnownFileType = sourcecode.swift; path = CoffeeViewController.swift; sourceTree = "<group>"; };
		BDD011DD26BC29890045BBAF /* RecyclableViewController.swift */ = {isa = PBXFileReference; lastKnownFileType = sourcecode.swift; path = RecyclableViewController.swift; sourceTree = "<group>"; };
		BDD011DF26BC43F20045BBAF /* StyrofoamViewController.swift */ = {isa = PBXFileReference; lastKnownFileType = sourcecode.swift; path = StyrofoamViewController.swift; sourceTree = "<group>"; };
		BDD011E126BC44040045BBAF /* BatteriesViewController.swift */ = {isa = PBXFileReference; lastKnownFileType = sourcecode.swift; path = BatteriesViewController.swift; sourceTree = "<group>"; };
		BDD011E326BC44DD0045BBAF /* FoodCansViewController.swift */ = {isa = PBXFileReference; lastKnownFileType = sourcecode.swift; path = FoodCansViewController.swift; sourceTree = "<group>"; };
		BDD011E526BC44FE0045BBAF /* GlassViewController.swift */ = {isa = PBXFileReference; lastKnownFileType = sourcecode.swift; path = GlassViewController.swift; sourceTree = "<group>"; };
		BDD011E726BC450D0045BBAF /* InkCartridgesViewController.swift */ = {isa = PBXFileReference; lastKnownFileType = sourcecode.swift; path = InkCartridgesViewController.swift; sourceTree = "<group>"; };
		BDD011E926BC451E0045BBAF /* PizzaBoxesViewController.swift */ = {isa = PBXFileReference; lastKnownFileType = sourcecode.swift; path = PizzaBoxesViewController.swift; sourceTree = "<group>"; };
		BDD011EB26BC452A0045BBAF /* PlasticBagsViewController.swift */ = {isa = PBXFileReference; lastKnownFileType = sourcecode.swift; path = PlasticBagsViewController.swift; sourceTree = "<group>"; };
		BDD011ED26BC45360045BBAF /* StrawsViewController.swift */ = {isa = PBXFileReference; lastKnownFileType = sourcecode.swift; path = StrawsViewController.swift; sourceTree = "<group>"; };
		BDD011EF26BC45410045BBAF /* SodaCansViewController.swift */ = {isa = PBXFileReference; lastKnownFileType = sourcecode.swift; path = SodaCansViewController.swift; sourceTree = "<group>"; };
		BDD011F126BC53A70045BBAF /* TrendViewController.swift */ = {isa = PBXFileReference; lastKnownFileType = sourcecode.swift; path = TrendViewController.swift; sourceTree = "<group>"; };
		BDD011F326BC64210045BBAF /* recycleCount.swift */ = {isa = PBXFileReference; lastKnownFileType = sourcecode.swift; path = recycleCount.swift; sourceTree = "<group>"; };
/* End PBXFileReference section */

/* Begin PBXFrameworksBuildPhase section */
		BDD011B826B9B0F20045BBAF /* Frameworks */ = {
			isa = PBXFrameworksBuildPhase;
			buildActionMask = 2147483647;
			files = (
			);
			runOnlyForDeploymentPostprocessing = 0;
		};
/* End PBXFrameworksBuildPhase section */

/* Begin PBXGroup section */
		BDD011B226B9B0F20045BBAF = {
			isa = PBXGroup;
			children = (
				BDD011BD26B9B0F20045BBAF /* recycling-app-project */,
				BDD011BC26B9B0F20045BBAF /* Products */,
			);
			sourceTree = "<group>";
		};
		BDD011BC26B9B0F20045BBAF /* Products */ = {
			isa = PBXGroup;
			children = (
				BDD011BB26B9B0F20045BBAF /* recycling-app-project.app */,
			);
			name = Products;
			sourceTree = "<group>";
		};
		BDD011BD26B9B0F20045BBAF /* recycling-app-project */ = {
			isa = PBXGroup;
			children = (
				BDD011BE26B9B0F20045BBAF /* AppDelegate.swift */,
				BDD011C026B9B0F20045BBAF /* SceneDelegate.swift */,
				BDD011C226B9B0F20045BBAF /* ViewController.swift */,
				BDD011C426B9B0F20045BBAF /* Main.storyboard */,
				BDD011F126BC53A70045BBAF /* TrendViewController.swift */,
				BDD011EF26BC45410045BBAF /* SodaCansViewController.swift */,
				BDD011ED26BC45360045BBAF /* StrawsViewController.swift */,
				BDD011EB26BC452A0045BBAF /* PlasticBagsViewController.swift */,
				BDD011E926BC451E0045BBAF /* PizzaBoxesViewController.swift */,
				BDD011E726BC450D0045BBAF /* InkCartridgesViewController.swift */,
				BDD011E526BC44FE0045BBAF /* GlassViewController.swift */,
				BDD011E326BC44DD0045BBAF /* FoodCansViewController.swift */,
				BDD011DF26BC43F20045BBAF /* StyrofoamViewController.swift */,
				BDD011E126BC44040045BBAF /* BatteriesViewController.swift */,
				BDD011DD26BC29890045BBAF /* RecyclableViewController.swift */,
				BDD011D926BC29490045BBAF /* AluminumViewController.swift */,
				BDD011DB26BC295B0045BBAF /* CoffeeViewController.swift */,
				BDD011D726BC29360045BBAF /* PlasticViewController.swift */,
				BDD011F326BC64210045BBAF /* recycleCount.swift */,
				BDD011CA26B9B0F30045BBAF /* Assets.xcassets */,
				BDD011CC26B9B0F30045BBAF /* LaunchScreen.storyboard */,
				BDD011CF26B9B0F30045BBAF /* Info.plist */,
				BDD011C726B9B0F20045BBAF /* recycling_app_project.xcdatamodeld */,
			);
			path = "recycling-app-project";
			sourceTree = "<group>";
		};
/* End PBXGroup section */

/* Begin PBXNativeTarget section */
		BDD011BA26B9B0F20045BBAF /* recycling-app-project */ = {
			isa = PBXNativeTarget;
			buildConfigurationList = BDD011D226B9B0F30045BBAF /* Build configuration list for PBXNativeTarget "recycling-app-project" */;
			buildPhases = (
				BDD011B726B9B0F20045BBAF /* Sources */,
				BDD011B826B9B0F20045BBAF /* Frameworks */,
				BDD011B926B9B0F20045BBAF /* Resources */,
			);
			buildRules = (
			);
			dependencies = (
			);
			name = "recycling-app-project";
			productName = "recycling-app-project";
			productReference = BDD011BB26B9B0F20045BBAF /* recycling-app-project.app */;
			productType = "com.apple.product-type.application";
		};
/* End PBXNativeTarget section */

/* Begin PBXProject section */
		BDD011B326B9B0F20045BBAF /* Project object */ = {
			isa = PBXProject;
			attributes = {
				LastSwiftUpdateCheck = 1250;
				LastUpgradeCheck = 1250;
				TargetAttributes = {
					BDD011BA26B9B0F20045BBAF = {
						CreatedOnToolsVersion = 12.5.1;
					};
				};
			};
			buildConfigurationList = BDD011B626B9B0F20045BBAF /* Build configuration list for PBXProject "recycling-app-project" */;
			compatibilityVersion = "Xcode 9.3";
			developmentRegion = en;
			hasScannedForEncodings = 0;
			knownRegions = (
				en,
				Base,
			);
			mainGroup = BDD011B226B9B0F20045BBAF;
			productRefGroup = BDD011BC26B9B0F20045BBAF /* Products */;
			projectDirPath = "";
			projectRoot = "";
			targets = (
				BDD011BA26B9B0F20045BBAF /* recycling-app-project */,
			);
		};
/* End PBXProject section */

/* Begin PBXResourcesBuildPhase section */
		BDD011B926B9B0F20045BBAF /* Resources */ = {
			isa = PBXResourcesBuildPhase;
			buildActionMask = 2147483647;
			files = (
				BDD011CE26B9B0F30045BBAF /* LaunchScreen.storyboard in Resources */,
				BDD011CB26B9B0F30045BBAF /* Assets.xcassets in Resources */,
				BDD011C626B9B0F20045BBAF /* Main.storyboard in Resources */,
			);
			runOnlyForDeploymentPostprocessing = 0;
		};
/* End PBXResourcesBuildPhase section */

/* Begin PBXSourcesBuildPhase section */
		BDD011B726B9B0F20045BBAF /* Sources */ = {
			isa = PBXSourcesBuildPhase;
			buildActionMask = 2147483647;
			files = (
				BDD011E226BC44040045BBAF /* BatteriesViewController.swift in Sources */,
				BDD011DA26BC29490045BBAF /* AluminumViewController.swift in Sources */,
				BDD011F426BC64210045BBAF /* recycleCount.swift in Sources */,
				BDD011C926B9B0F20045BBAF /* recycling_app_project.xcdatamodeld in Sources */,
				BDD011E426BC44DD0045BBAF /* FoodCansViewController.swift in Sources */,
				BDD011C326B9B0F20045BBAF /* ViewController.swift in Sources */,
				BDD011EC26BC452A0045BBAF /* PlasticBagsViewController.swift in Sources */,
				BDD011D826BC29360045BBAF /* PlasticViewController.swift in Sources */,
				BDD011DC26BC295B0045BBAF /* CoffeeViewController.swift in Sources */,
				BDD011EE26BC45360045BBAF /* StrawsViewController.swift in Sources */,
				BDD011F026BC45410045BBAF /* SodaCansViewController.swift in Sources */,
				BDD011F226BC53A70045BBAF /* TrendViewController.swift in Sources */,
				BDD011BF26B9B0F20045BBAF /* AppDelegate.swift in Sources */,
				BDD011DE26BC29890045BBAF /* RecyclableViewController.swift in Sources */,
				BDD011E826BC450D0045BBAF /* InkCartridgesViewController.swift in Sources */,
				BDD011E626BC44FE0045BBAF /* GlassViewController.swift in Sources */,
				BDD011EA26BC451E0045BBAF /* PizzaBoxesViewController.swift in Sources */,
				BDD011E026BC43F20045BBAF /* StyrofoamViewController.swift in Sources */,
				BDD011C126B9B0F20045BBAF /* SceneDelegate.swift in Sources */,
			);
			runOnlyForDeploymentPostprocessing = 0;
		};
/* End PBXSourcesBuildPhase section */

/* Begin PBXVariantGroup section */
		BDD011C426B9B0F20045BBAF /* Main.storyboard */ = {
			isa = PBXVariantGroup;
			children = (
				BDD011C526B9B0F20045BBAF /* Base */,
			);
			name = Main.storyboard;
			sourceTree = "<group>";
		};
		BDD011CC26B9B0F30045BBAF /* LaunchScreen.storyboard */ = {
			isa = PBXVariantGroup;
			children = (
				BDD011CD26B9B0F30045BBAF /* Base */,
			);
			name = LaunchScreen.storyboard;
			sourceTree = "<group>";
		};
/* End PBXVariantGroup section */

/* Begin XCBuildConfiguration section */
		BDD011D026B9B0F30045BBAF /* Debug */ = {
			isa = XCBuildConfiguration;
			buildSettings = {
				ALWAYS_SEARCH_USER_PATHS = NO;
				CLANG_ANALYZER_NONNULL = YES;
				CLANG_ANALYZER_NUMBER_OBJECT_CONVERSION = YES_AGGRESSIVE;
				CLANG_CXX_LANGUAGE_STANDARD = "gnu++14";
				CLANG_CXX_LIBRARY = "libc++";
				CLANG_ENABLE_MODULES = YES;
				CLANG_ENABLE_OBJC_ARC = YES;
				CLANG_ENABLE_OBJC_WEAK = YES;
				CLANG_WARN_BLOCK_CAPTURE_AUTORELEASING = YES;
				CLANG_WARN_BOOL_CONVERSION = YES;
				CLANG_WARN_COMMA = YES;
				CLANG_WARN_CONSTANT_CONVERSION = YES;
				CLANG_WARN_DEPRECATED_OBJC_IMPLEMENTATIONS = YES;
				CLANG_WARN_DIRECT_OBJC_ISA_USAGE = YES_ERROR;
				CLANG_WARN_DOCUMENTATION_COMMENTS = YES;
				CLANG_WARN_EMPTY_BODY = YES;
				CLANG_WARN_ENUM_CONVERSION = YES;
				CLANG_WARN_INFINITE_RECURSION = YES;
				CLANG_WARN_INT_CONVERSION = YES;
				CLANG_WARN_NON_LITERAL_NULL_CONVERSION = YES;
				CLANG_WARN_OBJC_IMPLICIT_RETAIN_SELF = YES;
				CLANG_WARN_OBJC_LITERAL_CONVERSION = YES;
				CLANG_WARN_OBJC_ROOT_CLASS = YES_ERROR;
				CLANG_WARN_QUOTED_INCLUDE_IN_FRAMEWORK_HEADER = YES;
				CLANG_WARN_RANGE_LOOP_ANALYSIS = YES;
				CLANG_WARN_STRICT_PROTOTYPES = YES;
				CLANG_WARN_SUSPICIOUS_MOVE = YES;
				CLANG_WARN_UNGUARDED_AVAILABILITY = YES_AGGRESSIVE;
				CLANG_WARN_UNREACHABLE_CODE = YES;
				CLANG_WARN__DUPLICATE_METHOD_MATCH = YES;
				COPY_PHASE_STRIP = NO;
				DEBUG_INFORMATION_FORMAT = dwarf;
				ENABLE_STRICT_OBJC_MSGSEND = YES;
				ENABLE_TESTABILITY = YES;
				GCC_C_LANGUAGE_STANDARD = gnu11;
				GCC_DYNAMIC_NO_PIC = NO;
				GCC_NO_COMMON_BLOCKS = YES;
				GCC_OPTIMIZATION_LEVEL = 0;
				GCC_PREPROCESSOR_DEFINITIONS = (
					"DEBUG=1",
					"$(inherited)",
				);
				GCC_WARN_64_TO_32_BIT_CONVERSION = YES;
				GCC_WARN_ABOUT_RETURN_TYPE = YES_ERROR;
				GCC_WARN_UNDECLARED_SELECTOR = YES;
				GCC_WARN_UNINITIALIZED_AUTOS = YES_AGGRESSIVE;
				GCC_WARN_UNUSED_FUNCTION = YES;
				GCC_WARN_UNUSED_VARIABLE = YES;
				IPHONEOS_DEPLOYMENT_TARGET = 14.5;
				MTL_ENABLE_DEBUG_INFO = INCLUDE_SOURCE;
				MTL_FAST_MATH = YES;
				ONLY_ACTIVE_ARCH = YES;
				SDKROOT = iphoneos;
				SWIFT_ACTIVE_COMPILATION_CONDITIONS = DEBUG;
				SWIFT_OPTIMIZATION_LEVEL = "-Onone";
			};
			name = Debug;
		};
		BDD011D126B9B0F30045BBAF /* Release */ = {
			isa = XCBuildConfiguration;
			buildSettings = {
				ALWAYS_SEARCH_USER_PATHS = NO;
				CLANG_ANALYZER_NONNULL = YES;
				CLANG_ANALYZER_NUMBER_OBJECT_CONVERSION = YES_AGGRESSIVE;
				CLANG_CXX_LANGUAGE_STANDARD = "gnu++14";
				CLANG_CXX_LIBRARY = "libc++";
				CLANG_ENABLE_MODULES = YES;
				CLANG_ENABLE_OBJC_ARC = YES;
				CLANG_ENABLE_OBJC_WEAK = YES;
				CLANG_WARN_BLOCK_CAPTURE_AUTORELEASING = YES;
				CLANG_WARN_BOOL_CONVERSION = YES;
				CLANG_WARN_COMMA = YES;
				CLANG_WARN_CONSTANT_CONVERSION = YES;
				CLANG_WARN_DEPRECATED_OBJC_IMPLEMENTATIONS = YES;
				CLANG_WARN_DIRECT_OBJC_ISA_USAGE = YES_ERROR;
				CLANG_WARN_DOCUMENTATION_COMMENTS = YES;
				CLANG_WARN_EMPTY_BODY = YES;
				CLANG_WARN_ENUM_CONVERSION = YES;
				CLANG_WARN_INFINITE_RECURSION = YES;
				CLANG_WARN_INT_CONVERSION = YES;
				CLANG_WARN_NON_LITERAL_NULL_CONVERSION = YES;
				CLANG_WARN_OBJC_IMPLICIT_RETAIN_SELF = YES;
				CLANG_WARN_OBJC_LITERAL_CONVERSION = YES;
				CLANG_WARN_OBJC_ROOT_CLASS = YES_ERROR;
				CLANG_WARN_QUOTED_INCLUDE_IN_FRAMEWORK_HEADER = YES;
				CLANG_WARN_RANGE_LOOP_ANALYSIS = YES;
				CLANG_WARN_STRICT_PROTOTYPES = YES;
				CLANG_WARN_SUSPICIOUS_MOVE = YES;
				CLANG_WARN_UNGUARDED_AVAILABILITY = YES_AGGRESSIVE;
				CLANG_WARN_UNREACHABLE_CODE = YES;
				CLANG_WARN__DUPLICATE_METHOD_MATCH = YES;
				COPY_PHASE_STRIP = NO;
				DEBUG_INFORMATION_FORMAT = "dwarf-with-dsym";
				ENABLE_NS_ASSERTIONS = NO;
				ENABLE_STRICT_OBJC_MSGSEND = YES;
				GCC_C_LANGUAGE_STANDARD = gnu11;
				GCC_NO_COMMON_BLOCKS = YES;
				GCC_WARN_64_TO_32_BIT_CONVERSION = YES;
				GCC_WARN_ABOUT_RETURN_TYPE = YES_ERROR;
				GCC_WARN_UNDECLARED_SELECTOR = YES;
				GCC_WARN_UNINITIALIZED_AUTOS = YES_AGGRESSIVE;
				GCC_WARN_UNUSED_FUNCTION = YES;
				GCC_WARN_UNUSED_VARIABLE = YES;
				IPHONEOS_DEPLOYMENT_TARGET = 14.5;
				MTL_ENABLE_DEBUG_INFO = NO;
				MTL_FAST_MATH = YES;
				SDKROOT = iphoneos;
				SWIFT_COMPILATION_MODE = wholemodule;
				SWIFT_OPTIMIZATION_LEVEL = "-O";
				VALIDATE_PRODUCT = YES;
			};
			name = Release;
		};
		BDD011D326B9B0F30045BBAF /* Debug */ = {
			isa = XCBuildConfiguration;
			buildSettings = {
				ASSETCATALOG_COMPILER_APPICON_NAME = AppIcon;
				ASSETCATALOG_COMPILER_GLOBAL_ACCENT_COLOR_NAME = AccentColor;
				CODE_SIGN_STYLE = Automatic;
				INFOPLIST_FILE = "recycling-app-project/Info.plist";
				LD_RUNPATH_SEARCH_PATHS = (
					"$(inherited)",
					"@executable_path/Frameworks",
				);
				PRODUCT_BUNDLE_IDENTIFIER = "vivianna.revigo-mvp";
				PRODUCT_NAME = "$(TARGET_NAME)";
				SWIFT_VERSION = 5.0;
				TARGETED_DEVICE_FAMILY = "1,2";
			};
			name = Debug;
		};
		BDD011D426B9B0F30045BBAF /* Release */ = {
			isa = XCBuildConfiguration;
			buildSettings = {
				ASSETCATALOG_COMPILER_APPICON_NAME = AppIcon;
				ASSETCATALOG_COMPILER_GLOBAL_ACCENT_COLOR_NAME = AccentColor;
				CODE_SIGN_STYLE = Automatic;
				INFOPLIST_FILE = "recycling-app-project/Info.plist";
				LD_RUNPATH_SEARCH_PATHS = (
					"$(inherited)",
					"@executable_path/Frameworks",
				);
				PRODUCT_BUNDLE_IDENTIFIER = "vivianna.revigo-mvp";
				PRODUCT_NAME = "$(TARGET_NAME)";
				SWIFT_VERSION = 5.0;
				TARGETED_DEVICE_FAMILY = "1,2";
			};
			name = Release;
		};
/* End XCBuildConfiguration section */

/* Begin XCConfigurationList section */
		BDD011B626B9B0F20045BBAF /* Build configuration list for PBXProject "recycling-app-project" */ = {
			isa = XCConfigurationList;
			buildConfigurations = (
				BDD011D026B9B0F30045BBAF /* Debug */,
				BDD011D126B9B0F30045BBAF /* Release */,
			);
			defaultConfigurationIsVisible = 0;
			defaultConfigurationName = Release;
		};
		BDD011D226B9B0F30045BBAF /* Build configuration list for PBXNativeTarget "recycling-app-project" */ = {
			isa = XCConfigurationList;
			buildConfigurations = (
				BDD011D326B9B0F30045BBAF /* Debug */,
				BDD011D426B9B0F30045BBAF /* Release */,
			);
			defaultConfigurationIsVisible = 0;
			defaultConfigurationName = Release;
		};
/* End XCConfigurationList section */

/* Begin XCVersionGroup section */
		BDD011C726B9B0F20045BBAF /* recycling_app_project.xcdatamodeld */ = {
			isa = XCVersionGroup;
			children = (
				BDD011C826B9B0F20045BBAF /* recycling_app_project.xcdatamodel */,
			);
			currentVersion = BDD011C826B9B0F20045BBAF /* recycling_app_project.xcdatamodel */;
			path = recycling_app_project.xcdatamodeld;
			sourceTree = "<group>";
			versionGroupType = wrapper.xcdatamodel;
		};
/* End XCVersionGroup section */
	};
	rootObject = BDD011B326B9B0F20045BBAF /* Project object */;
}
